
Microsoft Visual Studio Solution File, Format Version 12.00
# Visual Studio 2012
Project("{FAE04EC0-301F-11D3-BF4B-00C04F79EFBC}") = "GoogleCalendarSandbox", "GoogleCalendarSandbox\GoogleCalendarSandbox.csproj", "{09FF445C-6B1D-4C55-B79F-4B396A2C7279}"
EndProject
Global
	GlobalSection(SolutionConfigurationPlatforms) = preSolution
		Debug|Any CPU = Debug|Any CPU
		Release|Any CPU = Release|Any CPU
	EndGlobalSection
	GlobalSection(ProjectConfigurationPlatforms) = postSolution
		{09FF445C-6B1D-4C55-B79F-4B396A2C7279}.Debug|Any CPU.ActiveCfg = Debug|Any CPU
		{09FF445C-6B1D-4C55-B79F-4B396A2C7279}.Debug|Any CPU.Build.0 = Debug|Any CPU
		{09FF445C-6B1D-4C55-B79F-4B396A2C7279}.Release|Any CPU.ActiveCfg = Release|Any CPU
		{09FF445C-6B1D-4C55-B79F-4B396A2C7279}.Release|Any CPU.Build.0 = Release|Any CPU
	EndGlobalSection
	GlobalSection(SolutionProperties) = preSolution
		HideSolutionNode = FALSE
	EndGlobalSection
EndGlobal
