
Microsoft Visual Studio Solution File, Format Version 12.00
# Visual Studio 2012
Project("{FAE04EC0-301F-11D3-BF4B-00C04F79EFBC}") = "GoogleSyncAgent", "GoogleSyncAgent\GoogleSyncAgent.csproj", "{5D22EE37-D9BA-408A-8765-EA9CF7DAE954}"
EndProject
Project("{FAE04EC0-301F-11D3-BF4B-00C04F79EFBC}") = "Specs", "Specs\Specs.csproj", "{7B696E3A-B17D-4E07-B2B2-EE608A26CBC7}"
EndProject
Global
	GlobalSection(SolutionConfigurationPlatforms) = preSolution
		Debug|Any CPU = Debug|Any CPU
		Release|Any CPU = Release|Any CPU
	EndGlobalSection
	GlobalSection(ProjectConfigurationPlatforms) = postSolution
		{5D22EE37-D9BA-408A-8765-EA9CF7DAE954}.Debug|Any CPU.ActiveCfg = Debug|Any CPU
		{5D22EE37-D9BA-408A-8765-EA9CF7DAE954}.Debug|Any CPU.Build.0 = Debug|Any CPU
		{5D22EE37-D9BA-408A-8765-EA9CF7DAE954}.Release|Any CPU.ActiveCfg = Release|Any CPU
		{5D22EE37-D9BA-408A-8765-EA9CF7DAE954}.Release|Any CPU.Build.0 = Release|Any CPU
		{7B696E3A-B17D-4E07-B2B2-EE608A26CBC7}.Debug|Any CPU.ActiveCfg = Debug|Any CPU
		{7B696E3A-B17D-4E07-B2B2-EE608A26CBC7}.Debug|Any CPU.Build.0 = Debug|Any CPU
		{7B696E3A-B17D-4E07-B2B2-EE608A26CBC7}.Release|Any CPU.ActiveCfg = Release|Any CPU
		{7B696E3A-B17D-4E07-B2B2-EE608A26CBC7}.Release|Any CPU.Build.0 = Release|Any CPU
	EndGlobalSection
	GlobalSection(SolutionProperties) = preSolution
		HideSolutionNode = FALSE
	EndGlobalSection
EndGlobal
