
Microsoft Visual Studio Solution File, Format Version 12.00
# Visual Studio 2012
Project("{FAE04EC0-301F-11D3-BF4B-00C04F79EFBC}") = "SabreExcelImport", "SabreExcelImport\SabreExcelImport.csproj", "{45BDA9B5-DDC7-43BE-BCD2-6DE11EF838E8}"
EndProject
Project("{FAE04EC0-301F-11D3-BF4B-00C04F79EFBC}") = "Spec", "Spec\Spec.csproj", "{5855C151-696D-4ECA-A4C6-1B539D1293B3}"
EndProject
Project("{FAE04EC0-301F-11D3-BF4B-00C04F79EFBC}") = "SabreExcelImportTests", "SabreExcelImportTests\SabreExcelImportTests.csproj", "{E666D3E4-061A-4DBC-ADBE-29733FD540D3}"
EndProject
Project("{FAE04EC0-301F-11D3-BF4B-00C04F79EFBC}") = "MailRepository", "MailRepository\MailRepository.csproj", "{07EA8F63-BC58-4B98-BFD4-F78CD596F568}"
EndProject
Project("{2150E333-8FDC-42A3-9474-1A3956D46DE8}") = ".nuget", ".nuget", "{DA7C26B4-22A0-40CC-9DE1-DAA43D4B88E2}"
	ProjectSection(SolutionItems) = preProject
		.nuget\packages.config = .nuget\packages.config
	EndProjectSection
EndProject
Project("{FAE04EC0-301F-11D3-BF4B-00C04F79EFBC}") = "SvmSyncAgent", "SvmSyncAgent\SvmSyncAgent.csproj", "{047E76B5-382D-453C-8D48-F79E68EA1669}"
EndProject
Project("{FAE04EC0-301F-11D3-BF4B-00C04F79EFBC}") = "SyncServiceSpec", "SvmSyncAgentSpecs\SyncServiceSpec.csproj", "{62F98C33-886D-485C-84A8-6CCB4580CD0C}"
EndProject
Project("{FAE04EC0-301F-11D3-BF4B-00C04F79EFBC}") = "SyncServiceTests", "SvmSyncAgentTests\SyncServiceTests.csproj", "{6FCB4847-114A-454C-B7D2-22917EA64B6B}"
EndProject
Global
	GlobalSection(SolutionConfigurationPlatforms) = preSolution
		Debug|Any CPU = Debug|Any CPU
		Release|Any CPU = Release|Any CPU
	EndGlobalSection
	GlobalSection(ProjectConfigurationPlatforms) = postSolution
		{45BDA9B5-DDC7-43BE-BCD2-6DE11EF838E8}.Debug|Any CPU.ActiveCfg = Debug|Any CPU
		{45BDA9B5-DDC7-43BE-BCD2-6DE11EF838E8}.Debug|Any CPU.Build.0 = Debug|Any CPU
		{45BDA9B5-DDC7-43BE-BCD2-6DE11EF838E8}.Release|Any CPU.ActiveCfg = Release|Any CPU
		{45BDA9B5-DDC7-43BE-BCD2-6DE11EF838E8}.Release|Any CPU.Build.0 = Release|Any CPU
		{5855C151-696D-4ECA-A4C6-1B539D1293B3}.Debug|Any CPU.ActiveCfg = Debug|Any CPU
		{5855C151-696D-4ECA-A4C6-1B539D1293B3}.Debug|Any CPU.Build.0 = Debug|Any CPU
		{5855C151-696D-4ECA-A4C6-1B539D1293B3}.Release|Any CPU.ActiveCfg = Release|Any CPU
		{5855C151-696D-4ECA-A4C6-1B539D1293B3}.Release|Any CPU.Build.0 = Release|Any CPU
		{E666D3E4-061A-4DBC-ADBE-29733FD540D3}.Debug|Any CPU.ActiveCfg = Debug|Any CPU
		{E666D3E4-061A-4DBC-ADBE-29733FD540D3}.Debug|Any CPU.Build.0 = Debug|Any CPU
		{E666D3E4-061A-4DBC-ADBE-29733FD540D3}.Release|Any CPU.ActiveCfg = Release|Any CPU
		{E666D3E4-061A-4DBC-ADBE-29733FD540D3}.Release|Any CPU.Build.0 = Release|Any CPU
		{07EA8F63-BC58-4B98-BFD4-F78CD596F568}.Debug|Any CPU.ActiveCfg = Debug|Any CPU
		{07EA8F63-BC58-4B98-BFD4-F78CD596F568}.Debug|Any CPU.Build.0 = Debug|Any CPU
		{07EA8F63-BC58-4B98-BFD4-F78CD596F568}.Release|Any CPU.ActiveCfg = Release|Any CPU
		{07EA8F63-BC58-4B98-BFD4-F78CD596F568}.Release|Any CPU.Build.0 = Release|Any CPU
		{047E76B5-382D-453C-8D48-F79E68EA1669}.Debug|Any CPU.ActiveCfg = Debug|Any CPU
		{047E76B5-382D-453C-8D48-F79E68EA1669}.Debug|Any CPU.Build.0 = Debug|Any CPU
		{047E76B5-382D-453C-8D48-F79E68EA1669}.Release|Any CPU.ActiveCfg = Release|Any CPU
		{047E76B5-382D-453C-8D48-F79E68EA1669}.Release|Any CPU.Build.0 = Release|Any CPU
		{62F98C33-886D-485C-84A8-6CCB4580CD0C}.Debug|Any CPU.ActiveCfg = Debug|Any CPU
		{62F98C33-886D-485C-84A8-6CCB4580CD0C}.Debug|Any CPU.Build.0 = Debug|Any CPU
		{62F98C33-886D-485C-84A8-6CCB4580CD0C}.Release|Any CPU.ActiveCfg = Release|Any CPU
		{62F98C33-886D-485C-84A8-6CCB4580CD0C}.Release|Any CPU.Build.0 = Release|Any CPU
		{6FCB4847-114A-454C-B7D2-22917EA64B6B}.Debug|Any CPU.ActiveCfg = Debug|Any CPU
		{6FCB4847-114A-454C-B7D2-22917EA64B6B}.Debug|Any CPU.Build.0 = Debug|Any CPU
		{6FCB4847-114A-454C-B7D2-22917EA64B6B}.Release|Any CPU.ActiveCfg = Release|Any CPU
		{6FCB4847-114A-454C-B7D2-22917EA64B6B}.Release|Any CPU.Build.0 = Release|Any CPU
	EndGlobalSection
	GlobalSection(SolutionProperties) = preSolution
		HideSolutionNode = FALSE
	EndGlobalSection
EndGlobal
